{
  "requires": true,
  "lockfileVersion": 1,
  "dependencies": {
    "@types/vuelidate": {
      "version": "0.7.14",
      "resolved": "https://registry.npmjs.org/@types/vuelidate/-/vuelidate-0.7.14.tgz",
      "integrity": "sha512-6fKq/AYRCZValyTblW3frG9L5JELlHLAnXKg4y6j+OWznEzZroej+jzGv3bLyRnRJ42CImvP0/ylm0LvAmzpNg==",
      "dev": true,
      "requires": {
        "vue": "^2.6.11"
      }
    },
    "vue": {
      "version": "2.6.12",
      "resolved": "https://registry.npmjs.org/vue/-/vue-2.6.12.tgz",
      "integrity": "sha512-uhmLFETqPPNyuLLbsKz6ioJ4q7AZHzD8ZVFNATNyICSZouqP2Sz0rotWQC8UNBF6VGSCs5abnKJoStA6JbCbfg==",
      "dev": true
    }
  }
}
